
Microsoft Visual Studio Solution File, Format Version 12.00
# Visual Studio Version 16
VisualStudioVersion = 16.0.31321.278
MinimumVisualStudioVersion = 10.0.40219.1
Project("{FAE04EC0-301F-11D3-BF4B-00C04F79EFBC}") = "GivenStringToRandomString", "GivenStringToRandomString\GivenStringToRandomString.csproj", "{37EEE1E9-B2A5-4B4B-A642-FD019442277D}"
EndProject
Global
	GlobalSection(SolutionConfigurationPlatforms) = preSolution
		Debug|Any CPU = Debug|Any CPU
		Release|Any CPU = Release|Any CPU
	EndGlobalSection
	GlobalSection(ProjectConfigurationPlatforms) = postSolution
		{37EEE1E9-B2A5-4B4B-A642-FD019442277D}.Debug|Any CPU.ActiveCfg = Debug|Any CPU
		{37EEE1E9-B2A5-4B4B-A642-FD019442277D}.Debug|Any CPU.Build.0 = Debug|Any CPU
		{37EEE1E9-B2A5-4B4B-A642-FD019442277D}.Release|Any CPU.ActiveCfg = Release|Any CPU
		{37EEE1E9-B2A5-4B4B-A642-FD019442277D}.Release|Any CPU.Build.0 = Release|Any CPU
	EndGlobalSection
	GlobalSection(SolutionProperties) = preSolution
		HideSolutionNode = FALSE
	EndGlobalSection
	GlobalSection(ExtensibilityGlobals) = postSolution
		SolutionGuid = {65E77ABC-AD09-446C-94F7-6AA810856A5C}
	EndGlobalSection
EndGlobal
